// !$*UTF8*$!
{
	archiveVersion = 1;
	classes = {
	};
	objectVersion = 56;
	objects = {

/* Begin PBXBuildFile section */
		A3937E582A83A7B500348DC4 /* RMITCasinoApp.swift in Sources */ = {isa = PBXBuildFile; fileRef = A3937E572A83A7B500348DC4 /* RMITCasinoApp.swift */; };
		A3937E5A2A83A7B500348DC4 /* ContentView.swift in Sources */ = {isa = PBXBuildFile; fileRef = A3937E592A83A7B500348DC4 /* ContentView.swift */; };
		A3937E5C2A83A7B800348DC4 /* Assets.xcassets in Resources */ = {isa = PBXBuildFile; fileRef = A3937E5B2A83A7B800348DC4 /* Assets.xcassets */; };
		A3937E5F2A83A7B800348DC4 /* Preview Assets.xcassets in Resources */ = {isa = PBXBuildFile; fileRef = A3937E5E2A83A7B800348DC4 /* Preview Assets.xcassets */; };
		A3937E6D2A83AE6F00348DC4 /* blink.mp3 in Resources */ = {isa = PBXBuildFile; fileRef = A3937E652A83AE6E00348DC4 /* blink.mp3 */; };
		A3937E6E2A83AE6F00348DC4 /* ring-up.mp3 in Resources */ = {isa = PBXBuildFile; fileRef = A3937E662A83AE6F00348DC4 /* ring-up.mp3 */; };
		A3937E6F2A83AE6F00348DC4 /* spin.mp3 in Resources */ = {isa = PBXBuildFile; fileRef = A3937E672A83AE6F00348DC4 /* spin.mp3 */; };
		A3937E702A83AE6F00348DC4 /* winning.mp3 in Resources */ = {isa = PBXBuildFile; fileRef = A3937E682A83AE6F00348DC4 /* winning.mp3 */; };
		A3937E712A83AE6F00348DC4 /* gameover.mp3 in Resources */ = {isa = PBXBuildFile; fileRef = A3937E692A83AE6F00348DC4 /* gameover.mp3 */; };
		A3937E722A83AE6F00348DC4 /* bet-chip.mp3 in Resources */ = {isa = PBXBuildFile; fileRef = A3937E6A2A83AE6F00348DC4 /* bet-chip.mp3 */; };
		A3937E732A83AE6F00348DC4 /* drum-music.mp3 in Resources */ = {isa = PBXBuildFile; fileRef = A3937E6B2A83AE6F00348DC4 /* drum-music.mp3 */; };
		A3937E742A83AE6F00348DC4 /* highscore.mp3 in Resources */ = {isa = PBXBuildFile; fileRef = A3937E6C2A83AE6F00348DC4 /* highscore.mp3 */; };
/* End PBXBuildFile section */

/* Begin PBXFileReference section */
		A3937E542A83A7B500348DC4 /* RMITCasino.app */ = {isa = PBXFileReference; explicitFileType = wrapper.application; includeInIndex = 0; path = RMITCasino.app; sourceTree = BUILT_PRODUCTS_DIR; };
		A3937E572A83A7B500348DC4 /* RMITCasinoApp.swift */ = {isa = PBXFileReference; lastKnownFileType = sourcecode.swift; path = RMITCasinoApp.swift; sourceTree = "<group>"; };
		A3937E592A83A7B500348DC4 /* ContentView.swift */ = {isa = PBXFileReference; lastKnownFileType = sourcecode.swift; path = ContentView.swift; sourceTree = "<group>"; };
		A3937E5B2A83A7B800348DC4 /* Assets.xcassets */ = {isa = PBXFileReference; lastKnownFileType = folder.assetcatalog; path = Assets.xcassets; sourceTree = "<group>"; };
		A3937E5E2A83A7B800348DC4 /* Preview Assets.xcassets */ = {isa = PBXFileReference; lastKnownFileType = folder.assetcatalog; path = "Preview Assets.xcassets"; sourceTree = "<group>"; };
		A3937E652A83AE6E00348DC4 /* blink.mp3 */ = {isa = PBXFileReference; lastKnownFileType = audio.mp3; path = blink.mp3; sourceTree = "<group>"; };
		A3937E662A83AE6F00348DC4 /* ring-up.mp3 */ = {isa = PBXFileReference; lastKnownFileType = audio.mp3; path = "ring-up.mp3"; sourceTree = "<group>"; };
		A3937E672A83AE6F00348DC4 /* spin.mp3 */ = {isa = PBXFileReference; lastKnownFileType = audio.mp3; path = spin.mp3; sourceTree = "<group>"; };
		A3937E682A83AE6F00348DC4 /* winning.mp3 */ = {isa = PBXFileReference; lastKnownFileType = audio.mp3; path = winning.mp3; sourceTree = "<group>"; };
		A3937E692A83AE6F00348DC4 /* gameover.mp3 */ = {isa = PBXFileReference; lastKnownFileType = audio.mp3; path = gameover.mp3; sourceTree = "<group>"; };
		A3937E6A2A83AE6F00348DC4 /* bet-chip.mp3 */ = {isa = PBXFileReference; lastKnownFileType = audio.mp3; path = "bet-chip.mp3"; sourceTree = "<group>"; };
		A3937E6B2A83AE6F00348DC4 /* drum-music.mp3 */ = {isa = PBXFileReference; lastKnownFileType = audio.mp3; path = "drum-music.mp3"; sourceTree = "<group>"; };
		A3937E6C2A83AE6F00348DC4 /* highscore.mp3 */ = {isa = PBXFileReference; lastKnownFileType = audio.mp3; path = highscore.mp3; sourceTree = "<group>"; };
/* End PBXFileReference section */

/* Begin PBXFrameworksBuildPhase section */
		A3937E512A83A7B500348DC4 /* Frameworks */ = {
			isa = PBXFrameworksBuildPhase;
			buildActionMask = 2147483647;
			files = (
			);
			runOnlyForDeploymentPostprocessing = 0;
		};
/* End PBXFrameworksBuildPhase section */

/* Begin PBXGroup section */
		A3937E4B2A83A7B500348DC4 = {
			isa = PBXGroup;
			children = (
				A3937E562A83A7B500348DC4 /* RMITCasino */,
				A3937E552A83A7B500348DC4 /* Products */,
			);
			sourceTree = "<group>";
		};
		A3937E552A83A7B500348DC4 /* Products */ = {
			isa = PBXGroup;
			children = (
				A3937E542A83A7B500348DC4 /* RMITCasino.app */,
			);
			name = Products;
			sourceTree = "<group>";
		};
		A3937E562A83A7B500348DC4 /* RMITCasino */ = {
			isa = PBXGroup;
			children = (
				A3937E752A83AE7600348DC4 /* Sounds */,
				A3937E572A83A7B500348DC4 /* RMITCasinoApp.swift */,
				A3937E592A83A7B500348DC4 /* ContentView.swift */,
				A3937E5B2A83A7B800348DC4 /* Assets.xcassets */,
				A3937E5D2A83A7B800348DC4 /* Preview Content */,
			);
			path = RMITCasino;
			sourceTree = "<group>";
		};
		A3937E5D2A83A7B800348DC4 /* Preview Content */ = {
			isa = PBXGroup;
			children = (
				A3937E5E2A83A7B800348DC4 /* Preview Assets.xcassets */,
			);
			path = "Preview Content";
			sourceTree = "<group>";
		};
		A3937E752A83AE7600348DC4 /* Sounds */ = {
			isa = PBXGroup;
			children = (
				A3937E6A2A83AE6F00348DC4 /* bet-chip.mp3 */,
				A3937E652A83AE6E00348DC4 /* blink.mp3 */,
				A3937E6B2A83AE6F00348DC4 /* drum-music.mp3 */,
				A3937E692A83AE6F00348DC4 /* gameover.mp3 */,
				A3937E6C2A83AE6F00348DC4 /* highscore.mp3 */,
				A3937E662A83AE6F00348DC4 /* ring-up.mp3 */,
				A3937E672A83AE6F00348DC4 /* spin.mp3 */,
				A3937E682A83AE6F00348DC4 /* winning.mp3 */,
			);
			path = Sounds;
			sourceTree = "<group>";
		};
/* End PBXGroup section */

/* Begin PBXNativeTarget section */
		A3937E532A83A7B500348DC4 /* RMITCasino */ = {
			isa = PBXNativeTarget;
			buildConfigurationList = A3937E622A83A7B800348DC4 /* Build configuration list for PBXNativeTarget "RMITCasino" */;
			buildPhases = (
				A3937E502A83A7B500348DC4 /* Sources */,
				A3937E512A83A7B500348DC4 /* Frameworks */,
				A3937E522A83A7B500348DC4 /* Resources */,
			);
			buildRules = (
			);
			dependencies = (
			);
			name = RMITCasino;
			productName = RMITCasino;
			productReference = A3937E542A83A7B500348DC4 /* RMITCasino.app */;
			productType = "com.apple.product-type.application";
		};
/* End PBXNativeTarget section */

/* Begin PBXProject section */
		A3937E4C2A83A7B500348DC4 /* Project object */ = {
			isa = PBXProject;
			attributes = {
				BuildIndependentTargetsInParallel = 1;
				LastSwiftUpdateCheck = 1430;
				LastUpgradeCheck = 1430;
				TargetAttributes = {
					A3937E532A83A7B500348DC4 = {
						CreatedOnToolsVersion = 14.3.1;
					};
				};
			};
			buildConfigurationList = A3937E4F2A83A7B500348DC4 /* Build configuration list for PBXProject "RMITCasino" */;
			compatibilityVersion = "Xcode 14.0";
			developmentRegion = en;
			hasScannedForEncodings = 0;
			knownRegions = (
				en,
				Base,
			);
			mainGroup = A3937E4B2A83A7B500348DC4;
			productRefGroup = A3937E552A83A7B500348DC4 /* Products */;
			projectDirPath = "";
			projectRoot = "";
			targets = (
				A3937E532A83A7B500348DC4 /* RMITCasino */,
			);
		};
/* End PBXProject section */

/* Begin PBXResourcesBuildPhase section */
		A3937E522A83A7B500348DC4 /* Resources */ = {
			isa = PBXResourcesBuildPhase;
			buildActionMask = 2147483647;
			files = (
				A3937E712A83AE6F00348DC4 /* gameover.mp3 in Resources */,
				A3937E5F2A83A7B800348DC4 /* Preview Assets.xcassets in Resources */,
				A3937E732A83AE6F00348DC4 /* drum-music.mp3 in Resources */,
				A3937E702A83AE6F00348DC4 /* winning.mp3 in Resources */,
				A3937E6F2A83AE6F00348DC4 /* spin.mp3 in Resources */,
				A3937E5C2A83A7B800348DC4 /* Assets.xcassets in Resources */,
				A3937E6D2A83AE6F00348DC4 /* blink.mp3 in Resources */,
				A3937E742A83AE6F00348DC4 /* highscore.mp3 in Resources */,
				A3937E722A83AE6F00348DC4 /* bet-chip.mp3 in Resources */,
				A3937E6E2A83AE6F00348DC4 /* ring-up.mp3 in Resources */,
			);
			runOnlyForDeploymentPostprocessing = 0;
		};
/* End PBXResourcesBuildPhase section */

/* Begin PBXSourcesBuildPhase section */
		A3937E502A83A7B500348DC4 /* Sources */ = {
			isa = PBXSourcesBuildPhase;
			buildActionMask = 2147483647;
			files = (
				A3937E5A2A83A7B500348DC4 /* ContentView.swift in Sources */,
				A3937E582A83A7B500348DC4 /* RMITCasinoApp.swift in Sources */,
			);
			runOnlyForDeploymentPostprocessing = 0;
		};
/* End PBXSourcesBuildPhase section */

/* Begin XCBuildConfiguration section */
		A3937E602A83A7B800348DC4 /* Debug */ = {
			isa = XCBuildConfiguration;
			buildSettings = {
				ALWAYS_SEARCH_USER_PATHS = NO;
				CLANG_ANALYZER_NONNULL = YES;
				CLANG_ANALYZER_NUMBER_OBJECT_CONVERSION = YES_AGGRESSIVE;
				CLANG_CXX_LANGUAGE_STANDARD = "gnu++20";
				CLANG_ENABLE_MODULES = YES;
				CLANG_ENABLE_OBJC_ARC = YES;
				CLANG_ENABLE_OBJC_WEAK = YES;
				CLANG_WARN_BLOCK_CAPTURE_AUTORELEASING = YES;
				CLANG_WARN_BOOL_CONVERSION = YES;
				CLANG_WARN_COMMA = YES;
				CLANG_WARN_CONSTANT_CONVERSION = YES;
				CLANG_WARN_DEPRECATED_OBJC_IMPLEMENTATIONS = YES;
				CLANG_WARN_DIRECT_OBJC_ISA_USAGE = YES_ERROR;
				CLANG_WARN_DOCUMENTATION_COMMENTS = YES;
				CLANG_WARN_EMPTY_BODY = YES;
				CLANG_WARN_ENUM_CONVERSION = YES;
				CLANG_WARN_INFINITE_RECURSION = YES;
				CLANG_WARN_INT_CONVERSION = YES;
				CLANG_WARN_NON_LITERAL_NULL_CONVERSION = YES;
				CLANG_WARN_OBJC_IMPLICIT_RETAIN_SELF = YES;
				CLANG_WARN_OBJC_LITERAL_CONVERSION = YES;
				CLANG_WARN_OBJC_ROOT_CLASS = YES_ERROR;
				CLANG_WARN_QUOTED_INCLUDE_IN_FRAMEWORK_HEADER = YES;
				CLANG_WARN_RANGE_LOOP_ANALYSIS = YES;
				CLANG_WARN_STRICT_PROTOTYPES = YES;
				CLANG_WARN_SUSPICIOUS_MOVE = YES;
				CLANG_WARN_UNGUARDED_AVAILABILITY = YES_AGGRESSIVE;
				CLANG_WARN_UNREACHABLE_CODE = YES;
				CLANG_WARN__DUPLICATE_METHOD_MATCH = YES;
				COPY_PHASE_STRIP = NO;
				DEBUG_INFORMATION_FORMAT = dwarf;
				ENABLE_STRICT_OBJC_MSGSEND = YES;
				ENABLE_TESTABILITY = YES;
				GCC_C_LANGUAGE_STANDARD = gnu11;
				GCC_DYNAMIC_NO_PIC = NO;
				GCC_NO_COMMON_BLOCKS = YES;
				GCC_OPTIMIZATION_LEVEL = 0;
				GCC_PREPROCESSOR_DEFINITIONS = (
					"DEBUG=1",
					"$(inherited)",
				);
				GCC_WARN_64_TO_32_BIT_CONVERSION = YES;
				GCC_WARN_ABOUT_RETURN_TYPE = YES_ERROR;
				GCC_WARN_UNDECLARED_SELECTOR = YES;
				GCC_WARN_UNINITIALIZED_AUTOS = YES_AGGRESSIVE;
				GCC_WARN_UNUSED_FUNCTION = YES;
				GCC_WARN_UNUSED_VARIABLE = YES;
				IPHONEOS_DEPLOYMENT_TARGET = 16.4;
				MTL_ENABLE_DEBUG_INFO = INCLUDE_SOURCE;
				MTL_FAST_MATH = YES;
				ONLY_ACTIVE_ARCH = YES;
				SDKROOT = iphoneos;
				SWIFT_ACTIVE_COMPILATION_CONDITIONS = DEBUG;
				SWIFT_OPTIMIZATION_LEVEL = "-Onone";
			};
			name = Debug;
		};
		A3937E612A83A7B800348DC4 /* Release */ = {
			isa = XCBuildConfiguration;
			buildSettings = {
				ALWAYS_SEARCH_USER_PATHS = NO;
				CLANG_ANALYZER_NONNULL = YES;
				CLANG_ANALYZER_NUMBER_OBJECT_CONVERSION = YES_AGGRESSIVE;
				CLANG_CXX_LANGUAGE_STANDARD = "gnu++20";
				CLANG_ENABLE_MODULES = YES;
				CLANG_ENABLE_OBJC_ARC = YES;
				CLANG_ENABLE_OBJC_WEAK = YES;
				CLANG_WARN_BLOCK_CAPTURE_AUTORELEASING = YES;
				CLANG_WARN_BOOL_CONVERSION = YES;
				CLANG_WARN_COMMA = YES;
				CLANG_WARN_CONSTANT_CONVERSION = YES;
				CLANG_WARN_DEPRECATED_OBJC_IMPLEMENTATIONS = YES;
				CLANG_WARN_DIRECT_OBJC_ISA_USAGE = YES_ERROR;
				CLANG_WARN_DOCUMENTATION_COMMENTS = YES;
				CLANG_WARN_EMPTY_BODY = YES;
				CLANG_WARN_ENUM_CONVERSION = YES;
				CLANG_WARN_INFINITE_RECURSION = YES;
				CLANG_WARN_INT_CONVERSION = YES;
				CLANG_WARN_NON_LITERAL_NULL_CONVERSION = YES;
				CLANG_WARN_OBJC_IMPLICIT_RETAIN_SELF = YES;
				CLANG_WARN_OBJC_LITERAL_CONVERSION = YES;
				CLANG_WARN_OBJC_ROOT_CLASS = YES_ERROR;
				CLANG_WARN_QUOTED_INCLUDE_IN_FRAMEWORK_HEADER = YES;
				CLANG_WARN_RANGE_LOOP_ANALYSIS = YES;
				CLANG_WARN_STRICT_PROTOTYPES = YES;
				CLANG_WARN_SUSPICIOUS_MOVE = YES;
				CLANG_WARN_UNGUARDED_AVAILABILITY = YES_AGGRESSIVE;
				CLANG_WARN_UNREACHABLE_CODE = YES;
				CLANG_WARN__DUPLICATE_METHOD_MATCH = YES;
				COPY_PHASE_STRIP = NO;
				DEBUG_INFORMATION_FORMAT = "dwarf-with-dsym";
				ENABLE_NS_ASSERTIONS = NO;
				ENABLE_STRICT_OBJC_MSGSEND = YES;
				GCC_C_LANGUAGE_STANDARD = gnu11;
				GCC_NO_COMMON_BLOCKS = YES;
				GCC_WARN_64_TO_32_BIT_CONVERSION = YES;
				GCC_WARN_ABOUT_RETURN_TYPE = YES_ERROR;
				GCC_WARN_UNDECLARED_SELECTOR = YES;
				GCC_WARN_UNINITIALIZED_AUTOS = YES_AGGRESSIVE;
				GCC_WARN_UNUSED_FUNCTION = YES;
				GCC_WARN_UNUSED_VARIABLE = YES;
				IPHONEOS_DEPLOYMENT_TARGET = 16.4;
				MTL_ENABLE_DEBUG_INFO = NO;
				MTL_FAST_MATH = YES;
				SDKROOT = iphoneos;
				SWIFT_COMPILATION_MODE = wholemodule;
				SWIFT_OPTIMIZATION_LEVEL = "-O";
				VALIDATE_PRODUCT = YES;
			};
			name = Release;
		};
		A3937E632A83A7B800348DC4 /* Debug */ = {
			isa = XCBuildConfiguration;
			buildSettings = {
				ASSETCATALOG_COMPILER_APPICON_NAME = AppIcon;
				ASSETCATALOG_COMPILER_GLOBAL_ACCENT_COLOR_NAME = AccentColor;
				CODE_SIGN_STYLE = Automatic;
				CURRENT_PROJECT_VERSION = 1;
				DEVELOPMENT_ASSET_PATHS = "\"RMITCasino/Preview Content\"";
				DEVELOPMENT_TEAM = X75K78C3A4;
				ENABLE_PREVIEWS = YES;
				GENERATE_INFOPLIST_FILE = YES;
				INFOPLIST_KEY_UIApplicationSceneManifest_Generation = YES;
				INFOPLIST_KEY_UIApplicationSupportsIndirectInputEvents = YES;
				INFOPLIST_KEY_UILaunchScreen_Generation = YES;
				INFOPLIST_KEY_UISupportedInterfaceOrientations_iPad = "UIInterfaceOrientationPortrait UIInterfaceOrientationPortraitUpsideDown UIInterfaceOrientationLandscapeLeft UIInterfaceOrientationLandscapeRight";
				INFOPLIST_KEY_UISupportedInterfaceOrientations_iPhone = "UIInterfaceOrientationPortrait UIInterfaceOrientationLandscapeLeft UIInterfaceOrientationLandscapeRight";
				LD_RUNPATH_SEARCH_PATHS = (
					"$(inherited)",
					"@executable_path/Frameworks",
				);
				MARKETING_VERSION = 1.0;
				PRODUCT_BUNDLE_IDENTIFIER = io.npat.RMITCasino;
				PRODUCT_NAME = "$(TARGET_NAME)";
				SWIFT_EMIT_LOC_STRINGS = YES;
				SWIFT_VERSION = 5.0;
				TARGETED_DEVICE_FAMILY = "1,2";
			};
			name = Debug;
		};
		A3937E642A83A7B800348DC4 /* Release */ = {
			isa = XCBuildConfiguration;
			buildSettings = {
				ASSETCATALOG_COMPILER_APPICON_NAME = AppIcon;
				ASSETCATALOG_COMPILER_GLOBAL_ACCENT_COLOR_NAME = AccentColor;
				CODE_SIGN_STYLE = Automatic;
				CURRENT_PROJECT_VERSION = 1;
				DEVELOPMENT_ASSET_PATHS = "\"RMITCasino/Preview Content\"";
				DEVELOPMENT_TEAM = X75K78C3A4;
				ENABLE_PREVIEWS = YES;
				GENERATE_INFOPLIST_FILE = YES;
				INFOPLIST_KEY_UIApplicationSceneManifest_Generation = YES;
				INFOPLIST_KEY_UIApplicationSupportsIndirectInputEvents = YES;
				INFOPLIST_KEY_UILaunchScreen_Generation = YES;
				INFOPLIST_KEY_UISupportedInterfaceOrientations_iPad = "UIInterfaceOrientationPortrait UIInterfaceOrientationPortraitUpsideDown UIInterfaceOrientationLandscapeLeft UIInterfaceOrientationLandscapeRight";
				INFOPLIST_KEY_UISupportedInterfaceOrientations_iPhone = "UIInterfaceOrientationPortrait UIInterfaceOrientationLandscapeLeft UIInterfaceOrientationLandscapeRight";
				LD_RUNPATH_SEARCH_PATHS = (
					"$(inherited)",
					"@executable_path/Frameworks",
				);
				MARKETING_VERSION = 1.0;
				PRODUCT_BUNDLE_IDENTIFIER = io.npat.RMITCasino;
				PRODUCT_NAME = "$(TARGET_NAME)";
				SWIFT_EMIT_LOC_STRINGS = YES;
				SWIFT_VERSION = 5.0;
				TARGETED_DEVICE_FAMILY = "1,2";
			};
			name = Release;
		};
/* End XCBuildConfiguration section */

/* Begin XCConfigurationList section */
		A3937E4F2A83A7B500348DC4 /* Build configuration list for PBXProject "RMITCasino" */ = {
			isa = XCConfigurationList;
			buildConfigurations = (
				A3937E602A83A7B800348DC4 /* Debug */,
				A3937E612A83A7B800348DC4 /* Release */,
			);
			defaultConfigurationIsVisible = 0;
			defaultConfigurationName = Release;
		};
		A3937E622A83A7B800348DC4 /* Build configuration list for PBXNativeTarget "RMITCasino" */ = {
			isa = XCConfigurationList;
			buildConfigurations = (
				A3937E632A83A7B800348DC4 /* Debug */,
				A3937E642A83A7B800348DC4 /* Release */,
			);
			defaultConfigurationIsVisible = 0;
			defaultConfigurationName = Release;
		};
/* End XCConfigurationList section */
	};
	rootObject = A3937E4C2A83A7B500348DC4 /* Project object */;
}
